
Microsoft Visual Studio Solution File, Format Version 12.00
# Visual Studio 2013
VisualStudioVersion = 12.0.40629.0
MinimumVisualStudioVersion = 10.0.40219.1
Project("{2150E333-8FDC-42A3-9474-1A3956D46DE8}") = "src", "src", "{BC5583FC-CF57-46AB-A8A6-95BC7ECA5529}"
EndProject
Project("{2150E333-8FDC-42A3-9474-1A3956D46DE8}") = "tst", "tst", "{626B5C59-3631-4C12-86CD-9C2A6127B367}"
EndProject
Project("{FAE04EC0-301F-11D3-BF4B-00C04F79EFBC}") = "Apache.NMS.Reactive.Main", "..\src\Apache.NMS.Reactive.Main\Apache.NMS.Reactive.Main.csproj", "{630C306B-749E-4CE9-A1AF-5D9D24559DA6}"
EndProject
Project("{FAE04EC0-301F-11D3-BF4B-00C04F79EFBC}") = "Apache.NMS.Reactive.Tests", "..\tst\Apache.NMS.Reactive\Apache.NMS.Reactive.Tests.csproj", "{43887D05-0A14-40C7-82B8-FDA622190D40}"
EndProject
Global
	GlobalSection(SolutionConfigurationPlatforms) = preSolution
		Debug|Any CPU = Debug|Any CPU
		Release|Any CPU = Release|Any CPU
	EndGlobalSection
	GlobalSection(ProjectConfigurationPlatforms) = postSolution
		{630C306B-749E-4CE9-A1AF-5D9D24559DA6}.Debug|Any CPU.ActiveCfg = Debug|Any CPU
		{630C306B-749E-4CE9-A1AF-5D9D24559DA6}.Debug|Any CPU.Build.0 = Debug|Any CPU
		{630C306B-749E-4CE9-A1AF-5D9D24559DA6}.Release|Any CPU.ActiveCfg = Release|Any CPU
		{630C306B-749E-4CE9-A1AF-5D9D24559DA6}.Release|Any CPU.Build.0 = Release|Any CPU
		{43887D05-0A14-40C7-82B8-FDA622190D40}.Debug|Any CPU.ActiveCfg = Debug|Any CPU
		{43887D05-0A14-40C7-82B8-FDA622190D40}.Debug|Any CPU.Build.0 = Debug|Any CPU
		{43887D05-0A14-40C7-82B8-FDA622190D40}.Release|Any CPU.ActiveCfg = Release|Any CPU
		{43887D05-0A14-40C7-82B8-FDA622190D40}.Release|Any CPU.Build.0 = Release|Any CPU
	EndGlobalSection
	GlobalSection(SolutionProperties) = preSolution
		HideSolutionNode = FALSE
	EndGlobalSection
	GlobalSection(NestedProjects) = preSolution
		{630C306B-749E-4CE9-A1AF-5D9D24559DA6} = {BC5583FC-CF57-46AB-A8A6-95BC7ECA5529}
		{43887D05-0A14-40C7-82B8-FDA622190D40} = {626B5C59-3631-4C12-86CD-9C2A6127B367}
	EndGlobalSection
EndGlobal
